
Microsoft Visual Studio Solution File, Format Version 12.00
# Visual Studio 14
VisualStudioVersion = 14.0.24720.0
MinimumVisualStudioVersion = 10.0.40219.1
Project("{8BC9CEB8-8B4A-11D0-8D11-00A0C91BC942}") = "Parser", "Parser\Parser.vcxproj", "{77BE9964-7862-4D05-AFF0-B42718AAE386}"
EndProject
Project("{8BC9CEB8-8B4A-11D0-8D11-00A0C91BC942}") = "ScopeStack", "ScopeStack\ScopeStack.vcxproj", "{0AE7CD6E-0797-422E-8DB9-407E517624A5}"
EndProject
Project("{8BC9CEB8-8B4A-11D0-8D11-00A0C91BC942}") = "Tokenizer", "Tokenizer\Tokenizer.vcxproj", "{FD63AD3D-4A25-4F5C-BD43-1E19192357F2}"
EndProject
Project("{8BC9CEB8-8B4A-11D0-8D11-00A0C91BC942}") = "SemiExp", "SemiExp\SemiExp.vcxproj", "{C1131546-C8AE-4A24-A866-4A28DFDB72B9}"
EndProject
Project("{8BC9CEB8-8B4A-11D0-8D11-00A0C91BC942}") = "ThreadPool", "ThreadPool\ThreadPool.vcxproj", "{37B9BF37-E713-4762-A827-190E9A1E6B05}"
EndProject
Project("{8BC9CEB8-8B4A-11D0-8D11-00A0C91BC942}") = "BlockQueue", "BlockQueue\BlockQueue.vcxproj", "{62A6CE8C-E4C1-4CAA-93EB-383F5C8CDFD9}"
EndProject
Project("{8BC9CEB8-8B4A-11D0-8D11-00A0C91BC942}") = "Utilities", "Utilities\Utilities.vcxproj", "{462B43B2-8B13-4178-BF2A-903F76F1985C}"
EndProject
Project("{8BC9CEB8-8B4A-11D0-8D11-00A0C91BC942}") = "Task", "Task\Task.vcxproj", "{2B2783B0-8F79-42E0-8B64-F726948D53F6}"
EndProject
Project("{8BC9CEB8-8B4A-11D0-8D11-00A0C91BC942}") = "TypeAnalysis", "TypeAnalysis\TypeAnalysis.vcxproj", "{9AECA00D-46A9-4CD9-8391-47F9FA8B1B14}"
EndProject
Project("{8BC9CEB8-8B4A-11D0-8D11-00A0C91BC942}") = "DataStore", "DataStore\DataStore.vcxproj", "{E904EB89-D183-4B2A-81F6-96762886AB4A}"
EndProject
Project("{8BC9CEB8-8B4A-11D0-8D11-00A0C91BC942}") = "FileMgr", "FileMgr\FileMgr.vcxproj", "{A14AE98C-819C-4BFD-BB3D-5BC6CD3122C2}"
EndProject
Global
	GlobalSection(SolutionConfigurationPlatforms) = preSolution
		Debug|x64 = Debug|x64
		Debug|x86 = Debug|x86
		Release|x64 = Release|x64
		Release|x86 = Release|x86
	EndGlobalSection
	GlobalSection(ProjectConfigurationPlatforms) = postSolution
		{77BE9964-7862-4D05-AFF0-B42718AAE386}.Debug|x64.ActiveCfg = Debug|x64
		{77BE9964-7862-4D05-AFF0-B42718AAE386}.Debug|x64.Build.0 = Debug|x64
		{77BE9964-7862-4D05-AFF0-B42718AAE386}.Debug|x86.ActiveCfg = Debug|Win32
		{77BE9964-7862-4D05-AFF0-B42718AAE386}.Debug|x86.Build.0 = Debug|Win32
		{77BE9964-7862-4D05-AFF0-B42718AAE386}.Release|x64.ActiveCfg = Release|x64
		{77BE9964-7862-4D05-AFF0-B42718AAE386}.Release|x64.Build.0 = Release|x64
		{77BE9964-7862-4D05-AFF0-B42718AAE386}.Release|x86.ActiveCfg = Release|Win32
		{77BE9964-7862-4D05-AFF0-B42718AAE386}.Release|x86.Build.0 = Release|Win32
		{0AE7CD6E-0797-422E-8DB9-407E517624A5}.Debug|x64.ActiveCfg = Debug|x64
		{0AE7CD6E-0797-422E-8DB9-407E517624A5}.Debug|x64.Build.0 = Debug|x64
		{0AE7CD6E-0797-422E-8DB9-407E517624A5}.Debug|x86.ActiveCfg = Debug|Win32
		{0AE7CD6E-0797-422E-8DB9-407E517624A5}.Debug|x86.Build.0 = Debug|Win32
		{0AE7CD6E-0797-422E-8DB9-407E517624A5}.Release|x64.ActiveCfg = Release|x64
		{0AE7CD6E-0797-422E-8DB9-407E517624A5}.Release|x64.Build.0 = Release|x64
		{0AE7CD6E-0797-422E-8DB9-407E517624A5}.Release|x86.ActiveCfg = Release|Win32
		{0AE7CD6E-0797-422E-8DB9-407E517624A5}.Release|x86.Build.0 = Release|Win32
		{FD63AD3D-4A25-4F5C-BD43-1E19192357F2}.Debug|x64.ActiveCfg = Debug|Win32
		{FD63AD3D-4A25-4F5C-BD43-1E19192357F2}.Debug|x86.ActiveCfg = Debug|Win32
		{FD63AD3D-4A25-4F5C-BD43-1E19192357F2}.Debug|x86.Build.0 = Debug|Win32
		{FD63AD3D-4A25-4F5C-BD43-1E19192357F2}.Release|x64.ActiveCfg = Release|Win32
		{FD63AD3D-4A25-4F5C-BD43-1E19192357F2}.Release|x86.ActiveCfg = Release|Win32
		{FD63AD3D-4A25-4F5C-BD43-1E19192357F2}.Release|x86.Build.0 = Release|Win32
		{C1131546-C8AE-4A24-A866-4A28DFDB72B9}.Debug|x64.ActiveCfg = Debug|x64
		{C1131546-C8AE-4A24-A866-4A28DFDB72B9}.Debug|x64.Build.0 = Debug|x64
		{C1131546-C8AE-4A24-A866-4A28DFDB72B9}.Debug|x86.ActiveCfg = Debug|Win32
		{C1131546-C8AE-4A24-A866-4A28DFDB72B9}.Debug|x86.Build.0 = Debug|Win32
		{C1131546-C8AE-4A24-A866-4A28DFDB72B9}.Release|x64.ActiveCfg = Release|x64
		{C1131546-C8AE-4A24-A866-4A28DFDB72B9}.Release|x64.Build.0 = Release|x64
		{C1131546-C8AE-4A24-A866-4A28DFDB72B9}.Release|x86.ActiveCfg = Release|Win32
		{C1131546-C8AE-4A24-A866-4A28DFDB72B9}.Release|x86.Build.0 = Release|Win32
		{37B9BF37-E713-4762-A827-190E9A1E6B05}.Debug|x64.ActiveCfg = Debug|x64
		{37B9BF37-E713-4762-A827-190E9A1E6B05}.Debug|x64.Build.0 = Debug|x64
		{37B9BF37-E713-4762-A827-190E9A1E6B05}.Debug|x86.ActiveCfg = Debug|Win32
		{37B9BF37-E713-4762-A827-190E9A1E6B05}.Debug|x86.Build.0 = Debug|Win32
		{37B9BF37-E713-4762-A827-190E9A1E6B05}.Release|x64.ActiveCfg = Release|x64
		{37B9BF37-E713-4762-A827-190E9A1E6B05}.Release|x64.Build.0 = Release|x64
		{37B9BF37-E713-4762-A827-190E9A1E6B05}.Release|x86.ActiveCfg = Release|Win32
		{37B9BF37-E713-4762-A827-190E9A1E6B05}.Release|x86.Build.0 = Release|Win32
		{62A6CE8C-E4C1-4CAA-93EB-383F5C8CDFD9}.Debug|x64.ActiveCfg = Debug|x64
		{62A6CE8C-E4C1-4CAA-93EB-383F5C8CDFD9}.Debug|x64.Build.0 = Debug|x64
		{62A6CE8C-E4C1-4CAA-93EB-383F5C8CDFD9}.Debug|x86.ActiveCfg = Debug|Win32
		{62A6CE8C-E4C1-4CAA-93EB-383F5C8CDFD9}.Debug|x86.Build.0 = Debug|Win32
		{62A6CE8C-E4C1-4CAA-93EB-383F5C8CDFD9}.Release|x64.ActiveCfg = Release|x64
		{62A6CE8C-E4C1-4CAA-93EB-383F5C8CDFD9}.Release|x64.Build.0 = Release|x64
		{62A6CE8C-E4C1-4CAA-93EB-383F5C8CDFD9}.Release|x86.ActiveCfg = Release|Win32
		{62A6CE8C-E4C1-4CAA-93EB-383F5C8CDFD9}.Release|x86.Build.0 = Release|Win32
		{462B43B2-8B13-4178-BF2A-903F76F1985C}.Debug|x64.ActiveCfg = Debug|x64
		{462B43B2-8B13-4178-BF2A-903F76F1985C}.Debug|x64.Build.0 = Debug|x64
		{462B43B2-8B13-4178-BF2A-903F76F1985C}.Debug|x86.ActiveCfg = Debug|Win32
		{462B43B2-8B13-4178-BF2A-903F76F1985C}.Debug|x86.Build.0 = Debug|Win32
		{462B43B2-8B13-4178-BF2A-903F76F1985C}.Release|x64.ActiveCfg = Release|x64
		{462B43B2-8B13-4178-BF2A-903F76F1985C}.Release|x64.Build.0 = Release|x64
		{462B43B2-8B13-4178-BF2A-903F76F1985C}.Release|x86.ActiveCfg = Release|Win32
		{462B43B2-8B13-4178-BF2A-903F76F1985C}.Release|x86.Build.0 = Release|Win32
		{2B2783B0-8F79-42E0-8B64-F726948D53F6}.Debug|x64.ActiveCfg = Debug|x64
		{2B2783B0-8F79-42E0-8B64-F726948D53F6}.Debug|x64.Build.0 = Debug|x64
		{2B2783B0-8F79-42E0-8B64-F726948D53F6}.Debug|x86.ActiveCfg = Debug|Win32
		{2B2783B0-8F79-42E0-8B64-F726948D53F6}.Debug|x86.Build.0 = Debug|Win32
		{2B2783B0-8F79-42E0-8B64-F726948D53F6}.Release|x64.ActiveCfg = Release|x64
		{2B2783B0-8F79-42E0-8B64-F726948D53F6}.Release|x64.Build.0 = Release|x64
		{2B2783B0-8F79-42E0-8B64-F726948D53F6}.Release|x86.ActiveCfg = Release|Win32
		{2B2783B0-8F79-42E0-8B64-F726948D53F6}.Release|x86.Build.0 = Release|Win32
		{9AECA00D-46A9-4CD9-8391-47F9FA8B1B14}.Debug|x64.ActiveCfg = Debug|x64
		{9AECA00D-46A9-4CD9-8391-47F9FA8B1B14}.Debug|x64.Build.0 = Debug|x64
		{9AECA00D-46A9-4CD9-8391-47F9FA8B1B14}.Debug|x86.ActiveCfg = Debug|Win32
		{9AECA00D-46A9-4CD9-8391-47F9FA8B1B14}.Debug|x86.Build.0 = Debug|Win32
		{9AECA00D-46A9-4CD9-8391-47F9FA8B1B14}.Release|x64.ActiveCfg = Release|x64
		{9AECA00D-46A9-4CD9-8391-47F9FA8B1B14}.Release|x64.Build.0 = Release|x64
		{9AECA00D-46A9-4CD9-8391-47F9FA8B1B14}.Release|x86.ActiveCfg = Release|Win32
		{9AECA00D-46A9-4CD9-8391-47F9FA8B1B14}.Release|x86.Build.0 = Release|Win32
		{E904EB89-D183-4B2A-81F6-96762886AB4A}.Debug|x64.ActiveCfg = Debug|x64
		{E904EB89-D183-4B2A-81F6-96762886AB4A}.Debug|x64.Build.0 = Debug|x64
		{E904EB89-D183-4B2A-81F6-96762886AB4A}.Debug|x86.ActiveCfg = Debug|Win32
		{E904EB89-D183-4B2A-81F6-96762886AB4A}.Debug|x86.Build.0 = Debug|Win32
		{E904EB89-D183-4B2A-81F6-96762886AB4A}.Release|x64.ActiveCfg = Release|x64
		{E904EB89-D183-4B2A-81F6-96762886AB4A}.Release|x64.Build.0 = Release|x64
		{E904EB89-D183-4B2A-81F6-96762886AB4A}.Release|x86.ActiveCfg = Release|Win32
		{E904EB89-D183-4B2A-81F6-96762886AB4A}.Release|x86.Build.0 = Release|Win32
		{A14AE98C-819C-4BFD-BB3D-5BC6CD3122C2}.Debug|x64.ActiveCfg = Debug|x64
		{A14AE98C-819C-4BFD-BB3D-5BC6CD3122C2}.Debug|x64.Build.0 = Debug|x64
		{A14AE98C-819C-4BFD-BB3D-5BC6CD3122C2}.Debug|x86.ActiveCfg = Debug|Win32
		{A14AE98C-819C-4BFD-BB3D-5BC6CD3122C2}.Debug|x86.Build.0 = Debug|Win32
		{A14AE98C-819C-4BFD-BB3D-5BC6CD3122C2}.Release|x64.ActiveCfg = Release|x64
		{A14AE98C-819C-4BFD-BB3D-5BC6CD3122C2}.Release|x64.Build.0 = Release|x64
		{A14AE98C-819C-4BFD-BB3D-5BC6CD3122C2}.Release|x86.ActiveCfg = Release|Win32
		{A14AE98C-819C-4BFD-BB3D-5BC6CD3122C2}.Release|x86.Build.0 = Release|Win32
	EndGlobalSection
	GlobalSection(SolutionProperties) = preSolution
		HideSolutionNode = FALSE
	EndGlobalSection
EndGlobal
